// !$*UTF8*$!
{
	archiveVersion = 1;
	classes = {
	};
	objectVersion = 46;
	objects = {

/* Begin PBXBuildFile section */
		A131062E1C41F82600AA1886 /* main.m in Sources */ = {isa = PBXBuildFile; fileRef = A131062D1C41F82600AA1886 /* main.m */; };
		A13106311C41F82600AA1886 /* AppDelegate.m in Sources */ = {isa = PBXBuildFile; fileRef = A13106301C41F82600AA1886 /* AppDelegate.m */; };
		A13106341C41F82600AA1886 /* ViewController.m in Sources */ = {isa = PBXBuildFile; fileRef = A13106331C41F82600AA1886 /* ViewController.m */; };
		A13106371C41F82600AA1886 /* Main.storyboard in Resources */ = {isa = PBXBuildFile; fileRef = A13106351C41F82600AA1886 /* Main.storyboard */; };
		A13106391C41F82600AA1886 /* Assets.xcassets in Resources */ = {isa = PBXBuildFile; fileRef = A13106381C41F82600AA1886 /* Assets.xcassets */; };
		A131063C1C41F82600AA1886 /* LaunchScreen.storyboard in Resources */ = {isa = PBXBuildFile; fileRef = A131063A1C41F82600AA1886 /* LaunchScreen.storyboard */; };
		A13106461C41F87F00AA1886 /* BRSheetView.m in Sources */ = {isa = PBXBuildFile; fileRef = A13106451C41F87F00AA1886 /* BRSheetView.m */; };
		A13106481C41F9CE00AA1886 /* BRSheetView.xib in Resources */ = {isa = PBXBuildFile; fileRef = A13106471C41F9CE00AA1886 /* BRSheetView.xib */; };
		A18812191C5A352600CDF5D3 /* JWDChooseCouponController.m in Sources */ = {isa = PBXBuildFile; fileRef = A18812161C5A352600CDF5D3 /* JWDChooseCouponController.m */; };
		A188121A1C5A352600CDF5D3 /* JWDConfirOrderController.m in Sources */ = {isa = PBXBuildFile; fileRef = A18812181C5A352600CDF5D3 /* JWDConfirOrderController.m */; };
/* End PBXBuildFile section */

/* Begin PBXFileReference section */
		A13106291C41F82600AA1886 /* BRActionSheet.app */ = {isa = PBXFileReference; explicitFileType = wrapper.application; includeInIndex = 0; path = BRActionSheet.app; sourceTree = BUILT_PRODUCTS_DIR; };
		A131062D1C41F82600AA1886 /* main.m */ = {isa = PBXFileReference; lastKnownFileType = sourcecode.c.objc; path = main.m; sourceTree = "<group>"; };
		A131062F1C41F82600AA1886 /* AppDelegate.h */ = {isa = PBXFileReference; lastKnownFileType = sourcecode.c.h; path = AppDelegate.h; sourceTree = "<group>"; };
		A13106301C41F82600AA1886 /* AppDelegate.m */ = {isa = PBXFileReference; lastKnownFileType = sourcecode.c.objc; path = AppDelegate.m; sourceTree = "<group>"; };
		A13106321C41F82600AA1886 /* ViewController.h */ = {isa = PBXFileReference; lastKnownFileType = sourcecode.c.h; path = ViewController.h; sourceTree = "<group>"; };
		A13106331C41F82600AA1886 /* ViewController.m */ = {isa = PBXFileReference; lastKnownFileType = sourcecode.c.objc; path = ViewController.m; sourceTree = "<group>"; };
		A13106361C41F82600AA1886 /* Base */ = {isa = PBXFileReference; lastKnownFileType = file.storyboard; name = Base; path = Base.lproj/Main.storyboard; sourceTree = "<group>"; };
		A13106381C41F82600AA1886 /* Assets.xcassets */ = {isa = PBXFileReference; lastKnownFileType = folder.assetcatalog; path = Assets.xcassets; sourceTree = "<group>"; };
		A131063B1C41F82600AA1886 /* Base */ = {isa = PBXFileReference; lastKnownFileType = file.storyboard; name = Base; path = Base.lproj/LaunchScreen.storyboard; sourceTree = "<group>"; };
		A131063D1C41F82600AA1886 /* Info.plist */ = {isa = PBXFileReference; lastKnownFileType = text.plist.xml; path = Info.plist; sourceTree = "<group>"; };
		A13106441C41F87F00AA1886 /* BRSheetView.h */ = {isa = PBXFileReference; fileEncoding = 4; lastKnownFileType = sourcecode.c.h; path = BRSheetView.h; sourceTree = "<group>"; };
		A13106451C41F87F00AA1886 /* BRSheetView.m */ = {isa = PBXFileReference; fileEncoding = 4; lastKnownFileType = sourcecode.c.objc; path = BRSheetView.m; sourceTree = "<group>"; };
		A13106471C41F9CE00AA1886 /* BRSheetView.xib */ = {isa = PBXFileReference; fileEncoding = 4; lastKnownFileType = file.xib; path = BRSheetView.xib; sourceTree = "<group>"; };
		A18812151C5A352600CDF5D3 /* JWDChooseCouponController.h */ = {isa = PBXFileReference; fileEncoding = 4; lastKnownFileType = sourcecode.c.h; path = JWDChooseCouponController.h; sourceTree = "<group>"; };
		A18812161C5A352600CDF5D3 /* JWDChooseCouponController.m */ = {isa = PBXFileReference; fileEncoding = 4; lastKnownFileType = sourcecode.c.objc; path = JWDChooseCouponController.m; sourceTree = "<group>"; };
		A18812171C5A352600CDF5D3 /* JWDConfirOrderController.h */ = {isa = PBXFileReference; fileEncoding = 4; lastKnownFileType = sourcecode.c.h; path = JWDConfirOrderController.h; sourceTree = "<group>"; };
		A18812181C5A352600CDF5D3 /* JWDConfirOrderController.m */ = {isa = PBXFileReference; fileEncoding = 4; lastKnownFileType = sourcecode.c.objc; path = JWDConfirOrderController.m; sourceTree = "<group>"; };
/* End PBXFileReference section */

/* Begin PBXFrameworksBuildPhase section */
		A13106261C41F82600AA1886 /* Frameworks */ = {
			isa = PBXFrameworksBuildPhase;
			buildActionMask = 2147483647;
			files = (
			);
			runOnlyForDeploymentPostprocessing = 0;
		};
/* End PBXFrameworksBuildPhase section */

/* Begin PBXGroup section */
		A13106201C41F82600AA1886 = {
			isa = PBXGroup;
			children = (
				A131062B1C41F82600AA1886 /* BRActionSheet */,
				A131062A1C41F82600AA1886 /* Products */,
			);
			sourceTree = "<group>";
		};
		A131062A1C41F82600AA1886 /* Products */ = {
			isa = PBXGroup;
			children = (
				A13106291C41F82600AA1886 /* BRActionSheet.app */,
			);
			name = Products;
			sourceTree = "<group>";
		};
		A131062B1C41F82600AA1886 /* BRActionSheet */ = {
			isa = PBXGroup;
			children = (
				A131062F1C41F82600AA1886 /* AppDelegate.h */,
				A13106301C41F82600AA1886 /* AppDelegate.m */,
				A13106321C41F82600AA1886 /* ViewController.h */,
				A13106331C41F82600AA1886 /* ViewController.m */,
				A13106431C41F84F00AA1886 /* BRActionSheet */,
				A13106351C41F82600AA1886 /* Main.storyboard */,
				A13106381C41F82600AA1886 /* Assets.xcassets */,
				A131063A1C41F82600AA1886 /* LaunchScreen.storyboard */,
				A131063D1C41F82600AA1886 /* Info.plist */,
				A131062C1C41F82600AA1886 /* Supporting Files */,
			);
			path = BRActionSheet;
			sourceTree = "<group>";
		};
		A131062C1C41F82600AA1886 /* Supporting Files */ = {
			isa = PBXGroup;
			children = (
				A131062D1C41F82600AA1886 /* main.m */,
			);
			name = "Supporting Files";
			sourceTree = "<group>";
		};
		A13106431C41F84F00AA1886 /* BRActionSheet */ = {
			isa = PBXGroup;
			children = (
				A18812151C5A352600CDF5D3 /* JWDChooseCouponController.h */,
				A18812161C5A352600CDF5D3 /* JWDChooseCouponController.m */,
				A18812171C5A352600CDF5D3 /* JWDConfirOrderController.h */,
				A18812181C5A352600CDF5D3 /* JWDConfirOrderController.m */,
				A13106441C41F87F00AA1886 /* BRSheetView.h */,
				A13106451C41F87F00AA1886 /* BRSheetView.m */,
				A13106471C41F9CE00AA1886 /* BRSheetView.xib */,
			);
			name = BRActionSheet;
			sourceTree = "<group>";
		};
/* End PBXGroup section */

/* Begin PBXNativeTarget section */
		A13106281C41F82600AA1886 /* BRActionSheet */ = {
			isa = PBXNativeTarget;
			buildConfigurationList = A13106401C41F82600AA1886 /* Build configuration list for PBXNativeTarget "BRActionSheet" */;
			buildPhases = (
				A13106251C41F82600AA1886 /* Sources */,
				A13106261C41F82600AA1886 /* Frameworks */,
				A13106271C41F82600AA1886 /* Resources */,
			);
			buildRules = (
			);
			dependencies = (
			);
			name = BRActionSheet;
			productName = BRActionSheet;
			productReference = A13106291C41F82600AA1886 /* BRActionSheet.app */;
			productType = "com.apple.product-type.application";
		};
/* End PBXNativeTarget section */

/* Begin PBXProject section */
		A13106211C41F82600AA1886 /* Project object */ = {
			isa = PBXProject;
			attributes = {
				LastUpgradeCheck = 0720;
				ORGANIZATIONNAME = tongxijie;
				TargetAttributes = {
					A13106281C41F82600AA1886 = {
						CreatedOnToolsVersion = 7.2;
						DevelopmentTeam = WEF8F5LK36;
					};
				};
			};
			buildConfigurationList = A13106241C41F82600AA1886 /* Build configuration list for PBXProject "BRActionSheet" */;
			compatibilityVersion = "Xcode 3.2";
			developmentRegion = English;
			hasScannedForEncodings = 0;
			knownRegions = (
				en,
				Base,
			);
			mainGroup = A13106201C41F82600AA1886;
			productRefGroup = A131062A1C41F82600AA1886 /* Products */;
			projectDirPath = "";
			projectRoot = "";
			targets = (
				A13106281C41F82600AA1886 /* BRActionSheet */,
			);
		};
/* End PBXProject section */

/* Begin PBXResourcesBuildPhase section */
		A13106271C41F82600AA1886 /* Resources */ = {
			isa = PBXResourcesBuildPhase;
			buildActionMask = 2147483647;
			files = (
				A13106481C41F9CE00AA1886 /* BRSheetView.xib in Resources */,
				A131063C1C41F82600AA1886 /* LaunchScreen.storyboard in Resources */,
				A13106391C41F82600AA1886 /* Assets.xcassets in Resources */,
				A13106371C41F82600AA1886 /* Main.storyboard in Resources */,
			);
			runOnlyForDeploymentPostprocessing = 0;
		};
/* End PBXResourcesBuildPhase section */

/* Begin PBXSourcesBuildPhase section */
		A13106251C41F82600AA1886 /* Sources */ = {
			isa = PBXSourcesBuildPhase;
			buildActionMask = 2147483647;
			files = (
				A13106461C41F87F00AA1886 /* BRSheetView.m in Sources */,
				A13106341C41F82600AA1886 /* ViewController.m in Sources */,
				A18812191C5A352600CDF5D3 /* JWDChooseCouponController.m in Sources */,
				A13106311C41F82600AA1886 /* AppDelegate.m in Sources */,
				A131062E1C41F82600AA1886 /* main.m in Sources */,
				A188121A1C5A352600CDF5D3 /* JWDConfirOrderController.m in Sources */,
			);
			runOnlyForDeploymentPostprocessing = 0;
		};
/* End PBXSourcesBuildPhase section */

/* Begin PBXVariantGroup section */
		A13106351C41F82600AA1886 /* Main.storyboard */ = {
			isa = PBXVariantGroup;
			children = (
				A13106361C41F82600AA1886 /* Base */,
			);
			name = Main.storyboard;
			sourceTree = "<group>";
		};
		A131063A1C41F82600AA1886 /* LaunchScreen.storyboard */ = {
			isa = PBXVariantGroup;
			children = (
				A131063B1C41F82600AA1886 /* Base */,
			);
			name = LaunchScreen.storyboard;
			sourceTree = "<group>";
		};
/* End PBXVariantGroup section */

/* Begin XCBuildConfiguration section */
		A131063E1C41F82600AA1886 /* Debug */ = {
			isa = XCBuildConfiguration;
			buildSettings = {
				ALWAYS_SEARCH_USER_PATHS = NO;
				CLANG_CXX_LANGUAGE_STANDARD = "gnu++0x";
				CLANG_CXX_LIBRARY = "libc++";
				CLANG_ENABLE_MODULES = YES;
				CLANG_ENABLE_OBJC_ARC = YES;
				CLANG_WARN_BOOL_CONVERSION = YES;
				CLANG_WARN_CONSTANT_CONVERSION = YES;
				CLANG_WARN_DIRECT_OBJC_ISA_USAGE = YES_ERROR;
				CLANG_WARN_EMPTY_BODY = YES;
				CLANG_WARN_ENUM_CONVERSION = YES;
				CLANG_WARN_INT_CONVERSION = YES;
				CLANG_WARN_OBJC_ROOT_CLASS = YES_ERROR;
				CLANG_WARN_UNREACHABLE_CODE = YES;
				CLANG_WARN__DUPLICATE_METHOD_MATCH = YES;
				"CODE_SIGN_IDENTITY[sdk=iphoneos*]" = "iPhone Developer";
				COPY_PHASE_STRIP = NO;
				DEBUG_INFORMATION_FORMAT = dwarf;
				ENABLE_STRICT_OBJC_MSGSEND = YES;
				ENABLE_TESTABILITY = YES;
				GCC_C_LANGUAGE_STANDARD = gnu99;
				GCC_DYNAMIC_NO_PIC = NO;
				GCC_NO_COMMON_BLOCKS = YES;
				GCC_OPTIMIZATION_LEVEL = 0;
				GCC_PREPROCESSOR_DEFINITIONS = (
					"DEBUG=1",
					"$(inherited)",
				);
				GCC_WARN_64_TO_32_BIT_CONVERSION = YES;
				GCC_WARN_ABOUT_RETURN_TYPE = YES_ERROR;
				GCC_WARN_UNDECLARED_SELECTOR = YES;
				GCC_WARN_UNINITIALIZED_AUTOS = YES_AGGRESSIVE;
				GCC_WARN_UNUSED_FUNCTION = YES;
				GCC_WARN_UNUSED_VARIABLE = YES;
				IPHONEOS_DEPLOYMENT_TARGET = 9.2;
				MTL_ENABLE_DEBUG_INFO = YES;
				ONLY_ACTIVE_ARCH = YES;
				SDKROOT = iphoneos;
				TARGETED_DEVICE_FAMILY = "1,2";
			};
			name = Debug;
		};
		A131063F1C41F82600AA1886 /* Release */ = {
			isa = XCBuildConfiguration;
			buildSettings = {
				ALWAYS_SEARCH_USER_PATHS = NO;
				CLANG_CXX_LANGUAGE_STANDARD = "gnu++0x";
				CLANG_CXX_LIBRARY = "libc++";
				CLANG_ENABLE_MODULES = YES;
				CLANG_ENABLE_OBJC_ARC = YES;
				CLANG_WARN_BOOL_CONVERSION = YES;
				CLANG_WARN_CONSTANT_CONVERSION = YES;
				CLANG_WARN_DIRECT_OBJC_ISA_USAGE = YES_ERROR;
				CLANG_WARN_EMPTY_BODY = YES;
				CLANG_WARN_ENUM_CONVERSION = YES;
				CLANG_WARN_INT_CONVERSION = YES;
				CLANG_WARN_OBJC_ROOT_CLASS = YES_ERROR;
				CLANG_WARN_UNREACHABLE_CODE = YES;
				CLANG_WARN__DUPLICATE_METHOD_MATCH = YES;
				"CODE_SIGN_IDENTITY[sdk=iphoneos*]" = "iPhone Developer";
				COPY_PHASE_STRIP = NO;
				DEBUG_INFORMATION_FORMAT = "dwarf-with-dsym";
				ENABLE_NS_ASSERTIONS = NO;
				ENABLE_STRICT_OBJC_MSGSEND = YES;
				GCC_C_LANGUAGE_STANDARD = gnu99;
				GCC_NO_COMMON_BLOCKS = YES;
				GCC_WARN_64_TO_32_BIT_CONVERSION = YES;
				GCC_WARN_ABOUT_RETURN_TYPE = YES_ERROR;
				GCC_WARN_UNDECLARED_SELECTOR = YES;
				GCC_WARN_UNINITIALIZED_AUTOS = YES_AGGRESSIVE;
				GCC_WARN_UNUSED_FUNCTION = YES;
				GCC_WARN_UNUSED_VARIABLE = YES;
				IPHONEOS_DEPLOYMENT_TARGET = 9.2;
				MTL_ENABLE_DEBUG_INFO = NO;
				SDKROOT = iphoneos;
				TARGETED_DEVICE_FAMILY = "1,2";
				VALIDATE_PRODUCT = YES;
			};
			name = Release;
		};
		A13106411C41F82600AA1886 /* Debug */ = {
			isa = XCBuildConfiguration;
			buildSettings = {
				ASSETCATALOG_COMPILER_APPICON_NAME = AppIcon;
				INFOPLIST_FILE = BRActionSheet/Info.plist;
				LD_RUNPATH_SEARCH_PATHS = "$(inherited) @executable_path/Frameworks";
				PRODUCT_BUNDLE_IDENTIFIER = com.connehealth.BRActionSheet;
				PRODUCT_NAME = "$(TARGET_NAME)";
			};
			name = Debug;
		};
		A13106421C41F82600AA1886 /* Release */ = {
			isa = XCBuildConfiguration;
			buildSettings = {
				ASSETCATALOG_COMPILER_APPICON_NAME = AppIcon;
				INFOPLIST_FILE = BRActionSheet/Info.plist;
				LD_RUNPATH_SEARCH_PATHS = "$(inherited) @executable_path/Frameworks";
				PRODUCT_BUNDLE_IDENTIFIER = com.connehealth.BRActionSheet;
				PRODUCT_NAME = "$(TARGET_NAME)";
			};
			name = Release;
		};
/* End XCBuildConfiguration section */

/* Begin XCConfigurationList section */
		A13106241C41F82600AA1886 /* Build configuration list for PBXProject "BRActionSheet" */ = {
			isa = XCConfigurationList;
			buildConfigurations = (
				A131063E1C41F82600AA1886 /* Debug */,
				A131063F1C41F82600AA1886 /* Release */,
			);
			defaultConfigurationIsVisible = 0;
			defaultConfigurationName = Release;
		};
		A13106401C41F82600AA1886 /* Build configuration list for PBXNativeTarget "BRActionSheet" */ = {
			isa = XCConfigurationList;
			buildConfigurations = (
				A13106411C41F82600AA1886 /* Debug */,
				A13106421C41F82600AA1886 /* Release */,
			);
			defaultConfigurationIsVisible = 0;
			defaultConfigurationName = Release;
		};
/* End XCConfigurationList section */
	};
	rootObject = A13106211C41F82600AA1886 /* Project object */;
}
